<Solution>
  <Configurations>
    <Platform Name="x64" />
    <Platform Name="x86" />
  </Configurations>
  <Folder Name="/Chapter01_Basic/" />
  <Folder Name="/Chapter02_Control/" />
  <Project Path="Chapter01_Basic/Apr20_Midterm/Apr20_Midterm.vcxproj" Id="c097aceb-79b1-4616-ad92-c3a2eceeb5ea" />
  <Project Path="C_programming.vcxproj" Id="6aa6e580-3853-4b40-a544-5e05571503c8" />
</Solution>
